
Microsoft Visual Studio Solution File, Format Version 12.00
# Visual Studio Version 17
VisualStudioVersion = 17.0.32112.339
MinimumVisualStudioVersion = 10.0.40219.1
Project("{FAE04EC0-301F-11D3-BF4B-00C04F79EFBC}") = "Triângulos", "Triângulos\Triângulos.csproj", "{A3C8EA20-E526-4C3E-AB16-A91F6BAED017}"
EndProject
Global
	GlobalSection(SolutionConfigurationPlatforms) = preSolution
		Debug|Any CPU = Debug|Any CPU
		Release|Any CPU = Release|Any CPU
	EndGlobalSection
	GlobalSection(ProjectConfigurationPlatforms) = postSolution
		{A3C8EA20-E526-4C3E-AB16-A91F6BAED017}.Debug|Any CPU.ActiveCfg = Debug|Any CPU
		{A3C8EA20-E526-4C3E-AB16-A91F6BAED017}.Debug|Any CPU.Build.0 = Debug|Any CPU
		{A3C8EA20-E526-4C3E-AB16-A91F6BAED017}.Release|Any CPU.ActiveCfg = Release|Any CPU
		{A3C8EA20-E526-4C3E-AB16-A91F6BAED017}.Release|Any CPU.Build.0 = Release|Any CPU
	EndGlobalSection
	GlobalSection(SolutionProperties) = preSolution
		HideSolutionNode = FALSE
	EndGlobalSection
	GlobalSection(ExtensibilityGlobals) = postSolution
		SolutionGuid = {41E0490E-7980-42A4-8C99-111B03C17E1F}
	EndGlobalSection
EndGlobal
